
Microsoft Visual Studio Solution File, Format Version 12.00
# Visual Studio Version 17
VisualStudioVersion = 17.0.31903.59
MinimumVisualStudioVersion = 10.0.40219.1
Project("{FAE04EC0-301F-11D3-BF4B-00C04F79EFBC}") = "Programa", "Programa\Programa.csproj", "{FEDE0ECA-B614-4813-B0E4-2CF3C6B0F3B9}"
EndProject
Project("{FAE04EC0-301F-11D3-BF4B-00C04F79EFBC}") = "Clases", "Clases\Clases.csproj", "{AD28FA34-3B5D-4626-ADCA-B9BBEE8B5887}"
EndProject
Global
	GlobalSection(SolutionConfigurationPlatforms) = preSolution
		Debug|Any CPU = Debug|Any CPU
		Release|Any CPU = Release|Any CPU
	EndGlobalSection
	GlobalSection(SolutionProperties) = preSolution
		HideSolutionNode = FALSE
	EndGlobalSection
	GlobalSection(ProjectConfigurationPlatforms) = postSolution
		{FEDE0ECA-B614-4813-B0E4-2CF3C6B0F3B9}.Debug|Any CPU.ActiveCfg = Debug|Any CPU
		{FEDE0ECA-B614-4813-B0E4-2CF3C6B0F3B9}.Debug|Any CPU.Build.0 = Debug|Any CPU
		{FEDE0ECA-B614-4813-B0E4-2CF3C6B0F3B9}.Release|Any CPU.ActiveCfg = Release|Any CPU
		{FEDE0ECA-B614-4813-B0E4-2CF3C6B0F3B9}.Release|Any CPU.Build.0 = Release|Any CPU
		{AD28FA34-3B5D-4626-ADCA-B9BBEE8B5887}.Debug|Any CPU.ActiveCfg = Debug|Any CPU
		{AD28FA34-3B5D-4626-ADCA-B9BBEE8B5887}.Debug|Any CPU.Build.0 = Debug|Any CPU
		{AD28FA34-3B5D-4626-ADCA-B9BBEE8B5887}.Release|Any CPU.ActiveCfg = Release|Any CPU
		{AD28FA34-3B5D-4626-ADCA-B9BBEE8B5887}.Release|Any CPU.Build.0 = Release|Any CPU
	EndGlobalSection
EndGlobal
